
Microsoft Visual Studio Solution File, Format Version 12.00
# Visual Studio 15
VisualStudioVersion = 15.0.27520.0
MinimumVisualStudioVersion = 10.0.40219.1
Project("{FAE04EC0-301F-11D3-BF4B-00C04F79EFBC}") = "ParseLog", "ParseLog.csproj", "{EB31E974-0965-4BDE-B92F-ADD4FA41AABD}"
EndProject
Global
	GlobalSection(SolutionConfigurationPlatforms) = preSolution
		Debug|Any CPU = Debug|Any CPU
		Release|Any CPU = Release|Any CPU
	EndGlobalSection
	GlobalSection(ProjectConfigurationPlatforms) = postSolution
		{EB31E974-0965-4BDE-B92F-ADD4FA41AABD}.Debug|Any CPU.ActiveCfg = Debug|Any CPU
		{EB31E974-0965-4BDE-B92F-ADD4FA41AABD}.Debug|Any CPU.Build.0 = Debug|Any CPU
		{EB31E974-0965-4BDE-B92F-ADD4FA41AABD}.Release|Any CPU.ActiveCfg = Release|Any CPU
		{EB31E974-0965-4BDE-B92F-ADD4FA41AABD}.Release|Any CPU.Build.0 = Release|Any CPU
	EndGlobalSection
	GlobalSection(SolutionProperties) = preSolution
		HideSolutionNode = FALSE
	EndGlobalSection
	GlobalSection(ExtensibilityGlobals) = postSolution
		SolutionGuid = {5DDDA170-8CC2-40DB-84F9-3338B5EA5796}
	EndGlobalSection
EndGlobal
